
Microsoft Visual Studio Solution File, Format Version 12.00
# Visual Studio Version 16
VisualStudioVersion = 16.0.31205.134
MinimumVisualStudioVersion = 10.0.40219.1
Project("{FAE04EC0-301F-11D3-BF4B-00C04F79EFBC}") = "CodeGenerator.Sample.Api", "CodeGenerator.Sample.Api\CodeGenerator.Sample.Api.csproj", "{3ACF7E03-0011-409A-BE68-E0DE5AFA8640}"
EndProject
Global
	GlobalSection(SolutionConfigurationPlatforms) = preSolution
		Debug|Any CPU = Debug|Any CPU
		Release|Any CPU = Release|Any CPU
	EndGlobalSection
	GlobalSection(ProjectConfigurationPlatforms) = postSolution
		{3ACF7E03-0011-409A-BE68-E0DE5AFA8640}.Debug|Any CPU.ActiveCfg = Debug|Any CPU
		{3ACF7E03-0011-409A-BE68-E0DE5AFA8640}.Debug|Any CPU.Build.0 = Debug|Any CPU
		{3ACF7E03-0011-409A-BE68-E0DE5AFA8640}.Release|Any CPU.ActiveCfg = Release|Any CPU
		{3ACF7E03-0011-409A-BE68-E0DE5AFA8640}.Release|Any CPU.Build.0 = Release|Any CPU
	EndGlobalSection
	GlobalSection(SolutionProperties) = preSolution
		HideSolutionNode = FALSE
	EndGlobalSection
	GlobalSection(ExtensibilityGlobals) = postSolution
		SolutionGuid = {3A6DC663-C42E-41A5-9C5E-E9F0ECD8C99C}
	EndGlobalSection
EndGlobal
